
Microsoft Visual Studio Solution File, Format Version 12.00
# Visual Studio Version 16
VisualStudioVersion = 16.0.30907.101
MinimumVisualStudioVersion = 10.0.40219.1
Project("{9A19103F-16F7-4668-BE54-9A1E7A4F7556}") = "SibGameJam2021", "SibGameJam2021.csproj", "{2F4EAC43-F896-44C3-841F-3E4A9074CCA7}"
EndProject
Project("{FAE04EC0-301F-11D3-BF4B-00C04F79EFBC}") = "Launcher", "Launcher\Launcher.csproj", "{36942BFC-061B-46B4-99BF-B23A223722CA}"
EndProject
Global
	GlobalSection(SolutionConfigurationPlatforms) = preSolution
		Debug|Any CPU = Debug|Any CPU
		ExportDebug|Any CPU = ExportDebug|Any CPU
		ExportRelease|Any CPU = ExportRelease|Any CPU
		Release|Any CPU = Release|Any CPU
	EndGlobalSection
	GlobalSection(ProjectConfigurationPlatforms) = postSolution
		{2F4EAC43-F896-44C3-841F-3E4A9074CCA7}.Debug|Any CPU.ActiveCfg = Debug|Any CPU
		{2F4EAC43-F896-44C3-841F-3E4A9074CCA7}.Debug|Any CPU.Build.0 = Debug|Any CPU
		{2F4EAC43-F896-44C3-841F-3E4A9074CCA7}.ExportDebug|Any CPU.ActiveCfg = ExportDebug|Any CPU
		{2F4EAC43-F896-44C3-841F-3E4A9074CCA7}.ExportDebug|Any CPU.Build.0 = ExportDebug|Any CPU
		{2F4EAC43-F896-44C3-841F-3E4A9074CCA7}.ExportRelease|Any CPU.ActiveCfg = ExportRelease|Any CPU
		{2F4EAC43-F896-44C3-841F-3E4A9074CCA7}.ExportRelease|Any CPU.Build.0 = ExportRelease|Any CPU
		{2F4EAC43-F896-44C3-841F-3E4A9074CCA7}.Release|Any CPU.ActiveCfg = ExportRelease|Any CPU
		{2F4EAC43-F896-44C3-841F-3E4A9074CCA7}.Release|Any CPU.Build.0 = ExportRelease|Any CPU
		{36942BFC-061B-46B4-99BF-B23A223722CA}.Debug|Any CPU.ActiveCfg = Debug|Any CPU
		{36942BFC-061B-46B4-99BF-B23A223722CA}.Debug|Any CPU.Build.0 = Debug|Any CPU
		{36942BFC-061B-46B4-99BF-B23A223722CA}.ExportDebug|Any CPU.ActiveCfg = Debug|Any CPU
		{36942BFC-061B-46B4-99BF-B23A223722CA}.ExportDebug|Any CPU.Build.0 = Debug|Any CPU
		{36942BFC-061B-46B4-99BF-B23A223722CA}.ExportRelease|Any CPU.ActiveCfg = Release|Any CPU
		{36942BFC-061B-46B4-99BF-B23A223722CA}.ExportRelease|Any CPU.Build.0 = Release|Any CPU
		{36942BFC-061B-46B4-99BF-B23A223722CA}.Release|Any CPU.ActiveCfg = Release|Any CPU
		{36942BFC-061B-46B4-99BF-B23A223722CA}.Release|Any CPU.Build.0 = Release|Any CPU
	EndGlobalSection
	GlobalSection(SolutionProperties) = preSolution
		HideSolutionNode = FALSE
	EndGlobalSection
	GlobalSection(ExtensibilityGlobals) = postSolution
		SolutionGuid = {BBF2D881-E383-47CD-94FD-E986A4F5459A}
	EndGlobalSection
EndGlobal
